
Microsoft Visual Studio Solution File, Format Version 12.00
# Visual Studio Version 17
VisualStudioVersion = 17.10.35122.118
MinimumVisualStudioVersion = 10.0.40219.1
Project("{C9674DCB-5085-4A16-B785-4C70DD1589BD}") = "customer_data_management", "customer_data_management.dtproj", "{74743422-546A-4655-809E-E578840AA174}"
EndProject
Global
	GlobalSection(SolutionConfigurationPlatforms) = preSolution
		Development|Default = Development|Default
	EndGlobalSection
	GlobalSection(ProjectConfigurationPlatforms) = postSolution
		{74743422-546A-4655-809E-E578840AA174}.Development|Default.ActiveCfg = Development
		{74743422-546A-4655-809E-E578840AA174}.Development|Default.Build.0 = Development
	EndGlobalSection
	GlobalSection(SolutionProperties) = preSolution
		HideSolutionNode = FALSE
	EndGlobalSection
	GlobalSection(ExtensibilityGlobals) = postSolution
		SolutionGuid = {B7E35DDD-9D73-4E19-BD40-B7A0C0031188}
	EndGlobalSection
EndGlobal
